
Microsoft Visual Studio Solution File, Format Version 12.00
# Visual Studio 15
Project("{FAE04EC0-301F-11D3-BF4B-00C04F79EFBC}") = "Assembly-CSharp", "Assembly-CSharp.csproj", "{19A9D2CF-F2DD-72AE-D0ED-B15B6730A92D}"
EndProject
Project("{FAE04EC0-301F-11D3-BF4B-00C04F79EFBC}") = "Oculus.Platform", "Oculus.Platform.csproj", "{6A73D3BB-8CF8-D995-2C4C-D04056529908}"
EndProject
Project("{FAE04EC0-301F-11D3-BF4B-00C04F79EFBC}") = "Oculus.Spatializer", "Oculus.Spatializer.csproj", "{A3266B30-9991-97D2-E3AC-26C21CE9C320}"
EndProject
Project("{FAE04EC0-301F-11D3-BF4B-00C04F79EFBC}") = "Oculus.Interaction", "Oculus.Interaction.csproj", "{BC9A67D1-FBF7-2BF0-7E57-C3E837EBD57C}"
EndProject
Project("{FAE04EC0-301F-11D3-BF4B-00C04F79EFBC}") = "Facebook.WitAI", "Facebook.WitAI.csproj", "{1AD63C40-EE11-99C0-81D6-DD37D405C1A9}"
EndProject
Project("{FAE04EC0-301F-11D3-BF4B-00C04F79EFBC}") = "Facebook.Wit.Dictation", "Facebook.Wit.Dictation.csproj", "{389CA5B0-CF61-D1FC-58AD-81EBF3DD7344}"
EndProject
Project("{FAE04EC0-301F-11D3-BF4B-00C04F79EFBC}") = "Oculus.AudioManager", "Oculus.AudioManager.csproj", "{8C1FDECD-C1A1-049B-A72C-4AB117C4C26B}"
EndProject
Project("{FAE04EC0-301F-11D3-BF4B-00C04F79EFBC}") = "Oculus.VR", "Oculus.VR.csproj", "{E7777D69-E5B4-1B8E-C6F3-C878EEBF3A28}"
EndProject
Project("{FAE04EC0-301F-11D3-BF4B-00C04F79EFBC}") = "Oculus.Interaction.Samples", "Oculus.Interaction.Samples.csproj", "{3C1D8A82-EEEE-5A07-DA27-7692D7CF9907}"
EndProject
Project("{FAE04EC0-301F-11D3-BF4B-00C04F79EFBC}") = "VoiceSDK.Runtime", "VoiceSDK.Runtime.csproj", "{10F80256-1A22-D6E3-C51E-B77D199875E7}"
EndProject
Project("{FAE04EC0-301F-11D3-BF4B-00C04F79EFBC}") = "VoiceSDK.Dictation.Runtime", "VoiceSDK.Dictation.Runtime.csproj", "{5F8AE210-6041-DE67-2D56-C404A79567BF}"
EndProject
Project("{FAE04EC0-301F-11D3-BF4B-00C04F79EFBC}") = "Facebook.Wit.TTS", "Facebook.Wit.TTS.csproj", "{11598738-B993-E36C-E5FD-21105B2F2387}"
EndProject
Project("{FAE04EC0-301F-11D3-BF4B-00C04F79EFBC}") = "Oculus.Voice.Demo", "Oculus.Voice.Demo.csproj", "{D9B6492A-CCCE-EA0B-4264-B56391AA612D}"
EndProject
Project("{FAE04EC0-301F-11D3-BF4B-00C04F79EFBC}") = "LitJson", "LitJson.csproj", "{390999CF-9F98-F045-714F-F2497C62495C}"
EndProject
Project("{FAE04EC0-301F-11D3-BF4B-00C04F79EFBC}") = "Facebook.Wit.TTS.Samples", "Facebook.Wit.TTS.Samples.csproj", "{5DDA831E-59C5-C043-2A3A-99DEDD2CBDB9}"
EndProject
Project("{FAE04EC0-301F-11D3-BF4B-00C04F79EFBC}") = "AssistantCoreSDKRuntime", "AssistantCoreSDKRuntime.csproj", "{BC5FE24A-9B3D-6803-09DF-DEEB5100C999}"
EndProject
Project("{FAE04EC0-301F-11D3-BF4B-00C04F79EFBC}") = "Facebook.Wit.Conduit", "Facebook.Wit.Conduit.csproj", "{4FB3EA60-EEC1-FCEF-48AE-82A0BC31809D}"
EndProject
Project("{FAE04EC0-301F-11D3-BF4B-00C04F79EFBC}") = "Oculus.LipSync", "Oculus.LipSync.csproj", "{E4436BA7-6004-C53B-D46D-7ADFD50D521A}"
EndProject
Project("{FAE04EC0-301F-11D3-BF4B-00C04F79EFBC}") = "Oculus.Platform.Editor", "Oculus.Platform.Editor.csproj", "{1C9F5616-60DA-FDBC-1CE6-354B75744EBF}"
EndProject
Project("{FAE04EC0-301F-11D3-BF4B-00C04F79EFBC}") = "Facebook.Wit.Editor", "Facebook.Wit.Editor.csproj", "{A70B38A6-80E8-4433-4F51-9DAC98913135}"
EndProject
Project("{FAE04EC0-301F-11D3-BF4B-00C04F79EFBC}") = "Facebook.Wit.Conduit.Editor", "Facebook.Wit.Conduit.Editor.csproj", "{ECFBAEE5-BD56-1BE8-DD73-A2FC951F0773}"
EndProject
Project("{FAE04EC0-301F-11D3-BF4B-00C04F79EFBC}") = "Oculus.AudioManager.Audio.Editor", "Oculus.AudioManager.Audio.Editor.csproj", "{7357F6C6-F494-5B55-9D82-966E443B77A0}"
EndProject
Project("{FAE04EC0-301F-11D3-BF4B-00C04F79EFBC}") = "Oculus.Interaction.Editor", "Oculus.Interaction.Editor.csproj", "{46483543-1400-D9DD-CE40-BDD347499F8A}"
EndProject
Project("{FAE04EC0-301F-11D3-BF4B-00C04F79EFBC}") = "Oculus.VR.Scripts.Editor", "Oculus.VR.Scripts.Editor.csproj", "{9924D4F0-856D-D206-371F-F56D4EB0270E}"
EndProject
Project("{FAE04EC0-301F-11D3-BF4B-00C04F79EFBC}") = "Oculus.VR.Editor", "Oculus.VR.Editor.csproj", "{E1C7E99A-357E-D8F9-C73A-7377555A6622}"
EndProject
Project("{FAE04EC0-301F-11D3-BF4B-00C04F79EFBC}") = "Oculus.LipSync.Editor", "Oculus.LipSync.Editor.csproj", "{CA9F7E5E-2EC3-FE2C-5335-B665672776B8}"
EndProject
Project("{FAE04EC0-301F-11D3-BF4B-00C04F79EFBC}") = "Oculus.Interaction.InterfaceSupport", "Oculus.Interaction.InterfaceSupport.csproj", "{2F163C25-E839-3622-DD12-E7F85E2C0448}"
EndProject
Project("{FAE04EC0-301F-11D3-BF4B-00C04F79EFBC}") = "Assembly-CSharp-Editor", "Assembly-CSharp-Editor.csproj", "{978EFD90-0E02-7293-D78F-946A5005518C}"
EndProject
Project("{FAE04EC0-301F-11D3-BF4B-00C04F79EFBC}") = "Oculus.Interaction.Samples.Editor", "Oculus.Interaction.Samples.Editor.csproj", "{E5FA2E58-731F-6ADD-C9D4-58F3F4FBEFF6}"
EndProject
Project("{FAE04EC0-301F-11D3-BF4B-00C04F79EFBC}") = "VoiceSDK.Editor", "VoiceSDK.Editor.csproj", "{A614C0AC-0B42-10CC-1D6B-7E600B245979}"
EndProject
Project("{FAE04EC0-301F-11D3-BF4B-00C04F79EFBC}") = "AssistantCoreSDKEditor", "AssistantCoreSDKEditor.csproj", "{65B68880-3FCC-32AA-597B-921B306A1CAF}"
EndProject
Project("{FAE04EC0-301F-11D3-BF4B-00C04F79EFBC}") = "Facebook.Wit.TTS.Editor", "Facebook.Wit.TTS.Editor.csproj", "{8618A001-9E09-B339-21DA-F336AA34AADE}"
EndProject
Project("{FAE04EC0-301F-11D3-BF4B-00C04F79EFBC}") = "VoiceSDK.Dictation.Editor", "VoiceSDK.Dictation.Editor.csproj", "{9B92B719-BC39-0AF4-3236-A1FE5CD6A2EF}"
EndProject
Project("{FAE04EC0-301F-11D3-BF4B-00C04F79EFBC}") = "Oculus.AudioManager.Utils.Editor", "Oculus.AudioManager.Utils.Editor.csproj", "{46F16EE5-ADC0-4FFF-DD1F-6FF602286181}"
EndProject
Project("{FAE04EC0-301F-11D3-BF4B-00C04F79EFBC}") = "Oculus.Spatializer.Editor", "Oculus.Spatializer.Editor.csproj", "{63B2FC80-B859-D87E-6768-FE30B1662713}"
EndProject
Global
	GlobalSection(SolutionConfigurationPlatforms) = preSolution
		Debug|Any CPU = Debug|Any CPU
		Release|Any CPU = Release|Any CPU
	EndGlobalSection
	GlobalSection(ProjectConfigurationPlatforms) = postSolution
		{19A9D2CF-F2DD-72AE-D0ED-B15B6730A92D}.Debug|Any CPU.ActiveCfg = Debug|Any CPU
		{19A9D2CF-F2DD-72AE-D0ED-B15B6730A92D}.Debug|Any CPU.Build.0 = Debug|Any CPU
		{19A9D2CF-F2DD-72AE-D0ED-B15B6730A92D}.Release|Any CPU.ActiveCfg = Release|Any CPU
		{19A9D2CF-F2DD-72AE-D0ED-B15B6730A92D}.Release|Any CPU.Build.0 = Release|Any CPU
		{6A73D3BB-8CF8-D995-2C4C-D04056529908}.Debug|Any CPU.ActiveCfg = Debug|Any CPU
		{6A73D3BB-8CF8-D995-2C4C-D04056529908}.Debug|Any CPU.Build.0 = Debug|Any CPU
		{6A73D3BB-8CF8-D995-2C4C-D04056529908}.Release|Any CPU.ActiveCfg = Release|Any CPU
		{6A73D3BB-8CF8-D995-2C4C-D04056529908}.Release|Any CPU.Build.0 = Release|Any CPU
		{A3266B30-9991-97D2-E3AC-26C21CE9C320}.Debug|Any CPU.ActiveCfg = Debug|Any CPU
		{A3266B30-9991-97D2-E3AC-26C21CE9C320}.Debug|Any CPU.Build.0 = Debug|Any CPU
		{A3266B30-9991-97D2-E3AC-26C21CE9C320}.Release|Any CPU.ActiveCfg = Release|Any CPU
		{A3266B30-9991-97D2-E3AC-26C21CE9C320}.Release|Any CPU.Build.0 = Release|Any CPU
		{BC9A67D1-FBF7-2BF0-7E57-C3E837EBD57C}.Debug|Any CPU.ActiveCfg = Debug|Any CPU
		{BC9A67D1-FBF7-2BF0-7E57-C3E837EBD57C}.Debug|Any CPU.Build.0 = Debug|Any CPU
		{BC9A67D1-FBF7-2BF0-7E57-C3E837EBD57C}.Release|Any CPU.ActiveCfg = Release|Any CPU
		{BC9A67D1-FBF7-2BF0-7E57-C3E837EBD57C}.Release|Any CPU.Build.0 = Release|Any CPU
		{1AD63C40-EE11-99C0-81D6-DD37D405C1A9}.Debug|Any CPU.ActiveCfg = Debug|Any CPU
		{1AD63C40-EE11-99C0-81D6-DD37D405C1A9}.Debug|Any CPU.Build.0 = Debug|Any CPU
		{1AD63C40-EE11-99C0-81D6-DD37D405C1A9}.Release|Any CPU.ActiveCfg = Release|Any CPU
		{1AD63C40-EE11-99C0-81D6-DD37D405C1A9}.Release|Any CPU.Build.0 = Release|Any CPU
		{389CA5B0-CF61-D1FC-58AD-81EBF3DD7344}.Debug|Any CPU.ActiveCfg = Debug|Any CPU
		{389CA5B0-CF61-D1FC-58AD-81EBF3DD7344}.Debug|Any CPU.Build.0 = Debug|Any CPU
		{389CA5B0-CF61-D1FC-58AD-81EBF3DD7344}.Release|Any CPU.ActiveCfg = Release|Any CPU
		{389CA5B0-CF61-D1FC-58AD-81EBF3DD7344}.Release|Any CPU.Build.0 = Release|Any CPU
		{8C1FDECD-C1A1-049B-A72C-4AB117C4C26B}.Debug|Any CPU.ActiveCfg = Debug|Any CPU
		{8C1FDECD-C1A1-049B-A72C-4AB117C4C26B}.Debug|Any CPU.Build.0 = Debug|Any CPU
		{8C1FDECD-C1A1-049B-A72C-4AB117C4C26B}.Release|Any CPU.ActiveCfg = Release|Any CPU
		{8C1FDECD-C1A1-049B-A72C-4AB117C4C26B}.Release|Any CPU.Build.0 = Release|Any CPU
		{E7777D69-E5B4-1B8E-C6F3-C878EEBF3A28}.Debug|Any CPU.ActiveCfg = Debug|Any CPU
		{E7777D69-E5B4-1B8E-C6F3-C878EEBF3A28}.Debug|Any CPU.Build.0 = Debug|Any CPU
		{E7777D69-E5B4-1B8E-C6F3-C878EEBF3A28}.Release|Any CPU.ActiveCfg = Release|Any CPU
		{E7777D69-E5B4-1B8E-C6F3-C878EEBF3A28}.Release|Any CPU.Build.0 = Release|Any CPU
		{3C1D8A82-EEEE-5A07-DA27-7692D7CF9907}.Debug|Any CPU.ActiveCfg = Debug|Any CPU
		{3C1D8A82-EEEE-5A07-DA27-7692D7CF9907}.Debug|Any CPU.Build.0 = Debug|Any CPU
		{3C1D8A82-EEEE-5A07-DA27-7692D7CF9907}.Release|Any CPU.ActiveCfg = Release|Any CPU
		{3C1D8A82-EEEE-5A07-DA27-7692D7CF9907}.Release|Any CPU.Build.0 = Release|Any CPU
		{10F80256-1A22-D6E3-C51E-B77D199875E7}.Debug|Any CPU.ActiveCfg = Debug|Any CPU
		{10F80256-1A22-D6E3-C51E-B77D199875E7}.Debug|Any CPU.Build.0 = Debug|Any CPU
		{10F80256-1A22-D6E3-C51E-B77D199875E7}.Release|Any CPU.ActiveCfg = Release|Any CPU
		{10F80256-1A22-D6E3-C51E-B77D199875E7}.Release|Any CPU.Build.0 = Release|Any CPU
		{5F8AE210-6041-DE67-2D56-C404A79567BF}.Debug|Any CPU.ActiveCfg = Debug|Any CPU
		{5F8AE210-6041-DE67-2D56-C404A79567BF}.Debug|Any CPU.Build.0 = Debug|Any CPU
		{5F8AE210-6041-DE67-2D56-C404A79567BF}.Release|Any CPU.ActiveCfg = Release|Any CPU
		{5F8AE210-6041-DE67-2D56-C404A79567BF}.Release|Any CPU.Build.0 = Release|Any CPU
		{11598738-B993-E36C-E5FD-21105B2F2387}.Debug|Any CPU.ActiveCfg = Debug|Any CPU
		{11598738-B993-E36C-E5FD-21105B2F2387}.Debug|Any CPU.Build.0 = Debug|Any CPU
		{11598738-B993-E36C-E5FD-21105B2F2387}.Release|Any CPU.ActiveCfg = Release|Any CPU
		{11598738-B993-E36C-E5FD-21105B2F2387}.Release|Any CPU.Build.0 = Release|Any CPU
		{D9B6492A-CCCE-EA0B-4264-B56391AA612D}.Debug|Any CPU.ActiveCfg = Debug|Any CPU
		{D9B6492A-CCCE-EA0B-4264-B56391AA612D}.Debug|Any CPU.Build.0 = Debug|Any CPU
		{D9B6492A-CCCE-EA0B-4264-B56391AA612D}.Release|Any CPU.ActiveCfg = Release|Any CPU
		{D9B6492A-CCCE-EA0B-4264-B56391AA612D}.Release|Any CPU.Build.0 = Release|Any CPU
		{390999CF-9F98-F045-714F-F2497C62495C}.Debug|Any CPU.ActiveCfg = Debug|Any CPU
		{390999CF-9F98-F045-714F-F2497C62495C}.Debug|Any CPU.Build.0 = Debug|Any CPU
		{390999CF-9F98-F045-714F-F2497C62495C}.Release|Any CPU.ActiveCfg = Release|Any CPU
		{390999CF-9F98-F045-714F-F2497C62495C}.Release|Any CPU.Build.0 = Release|Any CPU
		{5DDA831E-59C5-C043-2A3A-99DEDD2CBDB9}.Debug|Any CPU.ActiveCfg = Debug|Any CPU
		{5DDA831E-59C5-C043-2A3A-99DEDD2CBDB9}.Debug|Any CPU.Build.0 = Debug|Any CPU
		{5DDA831E-59C5-C043-2A3A-99DEDD2CBDB9}.Release|Any CPU.ActiveCfg = Release|Any CPU
		{5DDA831E-59C5-C043-2A3A-99DEDD2CBDB9}.Release|Any CPU.Build.0 = Release|Any CPU
		{BC5FE24A-9B3D-6803-09DF-DEEB5100C999}.Debug|Any CPU.ActiveCfg = Debug|Any CPU
		{BC5FE24A-9B3D-6803-09DF-DEEB5100C999}.Debug|Any CPU.Build.0 = Debug|Any CPU
		{BC5FE24A-9B3D-6803-09DF-DEEB5100C999}.Release|Any CPU.ActiveCfg = Release|Any CPU
		{BC5FE24A-9B3D-6803-09DF-DEEB5100C999}.Release|Any CPU.Build.0 = Release|Any CPU
		{4FB3EA60-EEC1-FCEF-48AE-82A0BC31809D}.Debug|Any CPU.ActiveCfg = Debug|Any CPU
		{4FB3EA60-EEC1-FCEF-48AE-82A0BC31809D}.Debug|Any CPU.Build.0 = Debug|Any CPU
		{4FB3EA60-EEC1-FCEF-48AE-82A0BC31809D}.Release|Any CPU.ActiveCfg = Release|Any CPU
		{4FB3EA60-EEC1-FCEF-48AE-82A0BC31809D}.Release|Any CPU.Build.0 = Release|Any CPU
		{E4436BA7-6004-C53B-D46D-7ADFD50D521A}.Debug|Any CPU.ActiveCfg = Debug|Any CPU
		{E4436BA7-6004-C53B-D46D-7ADFD50D521A}.Debug|Any CPU.Build.0 = Debug|Any CPU
		{E4436BA7-6004-C53B-D46D-7ADFD50D521A}.Release|Any CPU.ActiveCfg = Release|Any CPU
		{E4436BA7-6004-C53B-D46D-7ADFD50D521A}.Release|Any CPU.Build.0 = Release|Any CPU
		{1C9F5616-60DA-FDBC-1CE6-354B75744EBF}.Debug|Any CPU.ActiveCfg = Debug|Any CPU
		{1C9F5616-60DA-FDBC-1CE6-354B75744EBF}.Debug|Any CPU.Build.0 = Debug|Any CPU
		{1C9F5616-60DA-FDBC-1CE6-354B75744EBF}.Release|Any CPU.ActiveCfg = Release|Any CPU
		{1C9F5616-60DA-FDBC-1CE6-354B75744EBF}.Release|Any CPU.Build.0 = Release|Any CPU
		{A70B38A6-80E8-4433-4F51-9DAC98913135}.Debug|Any CPU.ActiveCfg = Debug|Any CPU
		{A70B38A6-80E8-4433-4F51-9DAC98913135}.Debug|Any CPU.Build.0 = Debug|Any CPU
		{A70B38A6-80E8-4433-4F51-9DAC98913135}.Release|Any CPU.ActiveCfg = Release|Any CPU
		{A70B38A6-80E8-4433-4F51-9DAC98913135}.Release|Any CPU.Build.0 = Release|Any CPU
		{ECFBAEE5-BD56-1BE8-DD73-A2FC951F0773}.Debug|Any CPU.ActiveCfg = Debug|Any CPU
		{ECFBAEE5-BD56-1BE8-DD73-A2FC951F0773}.Debug|Any CPU.Build.0 = Debug|Any CPU
		{ECFBAEE5-BD56-1BE8-DD73-A2FC951F0773}.Release|Any CPU.ActiveCfg = Release|Any CPU
		{ECFBAEE5-BD56-1BE8-DD73-A2FC951F0773}.Release|Any CPU.Build.0 = Release|Any CPU
		{7357F6C6-F494-5B55-9D82-966E443B77A0}.Debug|Any CPU.ActiveCfg = Debug|Any CPU
		{7357F6C6-F494-5B55-9D82-966E443B77A0}.Debug|Any CPU.Build.0 = Debug|Any CPU
		{7357F6C6-F494-5B55-9D82-966E443B77A0}.Release|Any CPU.ActiveCfg = Release|Any CPU
		{7357F6C6-F494-5B55-9D82-966E443B77A0}.Release|Any CPU.Build.0 = Release|Any CPU
		{46483543-1400-D9DD-CE40-BDD347499F8A}.Debug|Any CPU.ActiveCfg = Debug|Any CPU
		{46483543-1400-D9DD-CE40-BDD347499F8A}.Debug|Any CPU.Build.0 = Debug|Any CPU
		{46483543-1400-D9DD-CE40-BDD347499F8A}.Release|Any CPU.ActiveCfg = Release|Any CPU
		{46483543-1400-D9DD-CE40-BDD347499F8A}.Release|Any CPU.Build.0 = Release|Any CPU
		{9924D4F0-856D-D206-371F-F56D4EB0270E}.Debug|Any CPU.ActiveCfg = Debug|Any CPU
		{9924D4F0-856D-D206-371F-F56D4EB0270E}.Debug|Any CPU.Build.0 = Debug|Any CPU
		{9924D4F0-856D-D206-371F-F56D4EB0270E}.Release|Any CPU.ActiveCfg = Release|Any CPU
		{9924D4F0-856D-D206-371F-F56D4EB0270E}.Release|Any CPU.Build.0 = Release|Any CPU
		{E1C7E99A-357E-D8F9-C73A-7377555A6622}.Debug|Any CPU.ActiveCfg = Debug|Any CPU
		{E1C7E99A-357E-D8F9-C73A-7377555A6622}.Debug|Any CPU.Build.0 = Debug|Any CPU
		{E1C7E99A-357E-D8F9-C73A-7377555A6622}.Release|Any CPU.ActiveCfg = Release|Any CPU
		{E1C7E99A-357E-D8F9-C73A-7377555A6622}.Release|Any CPU.Build.0 = Release|Any CPU
		{CA9F7E5E-2EC3-FE2C-5335-B665672776B8}.Debug|Any CPU.ActiveCfg = Debug|Any CPU
		{CA9F7E5E-2EC3-FE2C-5335-B665672776B8}.Debug|Any CPU.Build.0 = Debug|Any CPU
		{CA9F7E5E-2EC3-FE2C-5335-B665672776B8}.Release|Any CPU.ActiveCfg = Release|Any CPU
		{CA9F7E5E-2EC3-FE2C-5335-B665672776B8}.Release|Any CPU.Build.0 = Release|Any CPU
		{2F163C25-E839-3622-DD12-E7F85E2C0448}.Debug|Any CPU.ActiveCfg = Debug|Any CPU
		{2F163C25-E839-3622-DD12-E7F85E2C0448}.Debug|Any CPU.Build.0 = Debug|Any CPU
		{2F163C25-E839-3622-DD12-E7F85E2C0448}.Release|Any CPU.ActiveCfg = Release|Any CPU
		{2F163C25-E839-3622-DD12-E7F85E2C0448}.Release|Any CPU.Build.0 = Release|Any CPU
		{978EFD90-0E02-7293-D78F-946A5005518C}.Debug|Any CPU.ActiveCfg = Debug|Any CPU
		{978EFD90-0E02-7293-D78F-946A5005518C}.Debug|Any CPU.Build.0 = Debug|Any CPU
		{978EFD90-0E02-7293-D78F-946A5005518C}.Release|Any CPU.ActiveCfg = Release|Any CPU
		{978EFD90-0E02-7293-D78F-946A5005518C}.Release|Any CPU.Build.0 = Release|Any CPU
		{E5FA2E58-731F-6ADD-C9D4-58F3F4FBEFF6}.Debug|Any CPU.ActiveCfg = Debug|Any CPU
		{E5FA2E58-731F-6ADD-C9D4-58F3F4FBEFF6}.Debug|Any CPU.Build.0 = Debug|Any CPU
		{E5FA2E58-731F-6ADD-C9D4-58F3F4FBEFF6}.Release|Any CPU.ActiveCfg = Release|Any CPU
		{E5FA2E58-731F-6ADD-C9D4-58F3F4FBEFF6}.Release|Any CPU.Build.0 = Release|Any CPU
		{A614C0AC-0B42-10CC-1D6B-7E600B245979}.Debug|Any CPU.ActiveCfg = Debug|Any CPU
		{A614C0AC-0B42-10CC-1D6B-7E600B245979}.Debug|Any CPU.Build.0 = Debug|Any CPU
		{A614C0AC-0B42-10CC-1D6B-7E600B245979}.Release|Any CPU.ActiveCfg = Release|Any CPU
		{A614C0AC-0B42-10CC-1D6B-7E600B245979}.Release|Any CPU.Build.0 = Release|Any CPU
		{65B68880-3FCC-32AA-597B-921B306A1CAF}.Debug|Any CPU.ActiveCfg = Debug|Any CPU
		{65B68880-3FCC-32AA-597B-921B306A1CAF}.Debug|Any CPU.Build.0 = Debug|Any CPU
		{65B68880-3FCC-32AA-597B-921B306A1CAF}.Release|Any CPU.ActiveCfg = Release|Any CPU
		{65B68880-3FCC-32AA-597B-921B306A1CAF}.Release|Any CPU.Build.0 = Release|Any CPU
		{8618A001-9E09-B339-21DA-F336AA34AADE}.Debug|Any CPU.ActiveCfg = Debug|Any CPU
		{8618A001-9E09-B339-21DA-F336AA34AADE}.Debug|Any CPU.Build.0 = Debug|Any CPU
		{8618A001-9E09-B339-21DA-F336AA34AADE}.Release|Any CPU.ActiveCfg = Release|Any CPU
		{8618A001-9E09-B339-21DA-F336AA34AADE}.Release|Any CPU.Build.0 = Release|Any CPU
		{9B92B719-BC39-0AF4-3236-A1FE5CD6A2EF}.Debug|Any CPU.ActiveCfg = Debug|Any CPU
		{9B92B719-BC39-0AF4-3236-A1FE5CD6A2EF}.Debug|Any CPU.Build.0 = Debug|Any CPU
		{9B92B719-BC39-0AF4-3236-A1FE5CD6A2EF}.Release|Any CPU.ActiveCfg = Release|Any CPU
		{9B92B719-BC39-0AF4-3236-A1FE5CD6A2EF}.Release|Any CPU.Build.0 = Release|Any CPU
		{46F16EE5-ADC0-4FFF-DD1F-6FF602286181}.Debug|Any CPU.ActiveCfg = Debug|Any CPU
		{46F16EE5-ADC0-4FFF-DD1F-6FF602286181}.Debug|Any CPU.Build.0 = Debug|Any CPU
		{46F16EE5-ADC0-4FFF-DD1F-6FF602286181}.Release|Any CPU.ActiveCfg = Release|Any CPU
		{46F16EE5-ADC0-4FFF-DD1F-6FF602286181}.Release|Any CPU.Build.0 = Release|Any CPU
		{63B2FC80-B859-D87E-6768-FE30B1662713}.Debug|Any CPU.ActiveCfg = Debug|Any CPU
		{63B2FC80-B859-D87E-6768-FE30B1662713}.Debug|Any CPU.Build.0 = Debug|Any CPU
		{63B2FC80-B859-D87E-6768-FE30B1662713}.Release|Any CPU.ActiveCfg = Release|Any CPU
		{63B2FC80-B859-D87E-6768-FE30B1662713}.Release|Any CPU.Build.0 = Release|Any CPU
	EndGlobalSection
	GlobalSection(SolutionProperties) = preSolution
		HideSolutionNode = FALSE
	EndGlobalSection
EndGlobal
